
Microsoft Visual Studio Solution File, Format Version 12.00
# Visual Studio Version 17
VisualStudioVersion = 17.1.32328.378
MinimumVisualStudioVersion = 10.0.40219.1
Project("{9A19103F-16F7-4668-BE54-9A1E7A4F7556}") = "APIGetaway", "APIGetaway\APIGetaway.csproj", "{2A0804B5-CCA4-4DE6-9AF5-690F8A204C10}"
EndProject
Project("{2150E333-8FDC-42A3-9474-1A3956D46DE8}") = "Services", "Services", "{1D7FC91B-3EF0-4368-BFFE-3D3BEF9E2D5A}"
EndProject
Project("{2150E333-8FDC-42A3-9474-1A3956D46DE8}") = "DepartmentAPI", "DepartmentAPI", "{27E93130-8C0B-453C-9C2C-8C5BAC036144}"
EndProject
Project("{2150E333-8FDC-42A3-9474-1A3956D46DE8}") = "CompanyAPI", "CompanyAPI", "{0EC87A9C-E320-417D-A0AF-D65CAAC58D62}"
EndProject
Project("{9A19103F-16F7-4668-BE54-9A1E7A4F7556}") = "Company.API", "Services\CompanyAPI\Company.API\Company.API.csproj", "{2EFA4AA9-99DB-41D0-868A-0C4EB6F4BF3F}"
EndProject
Project("{9A19103F-16F7-4668-BE54-9A1E7A4F7556}") = "Company.API.Infrastructure", "Services\CompanyAPI\Company.API.Infrastructure\Company.API.Infrastructure.csproj", "{06E750A0-6871-41A8-8A18-2E399EDCF115}"
EndProject
Project("{9A19103F-16F7-4668-BE54-9A1E7A4F7556}") = "Company.API.Models", "Services\CompanyAPI\Company.API.Models\Company.API.Models.csproj", "{E4562A72-1209-448A-9A45-29A95C342ABA}"
EndProject
Project("{9A19103F-16F7-4668-BE54-9A1E7A4F7556}") = "Company.API.Servicess", "Services\CompanyAPI\Company.API.Servicess\Company.API.Servicess.csproj", "{0AB64F8B-04DA-46A4-BA0D-8155AD8B9562}"
EndProject
Project("{9A19103F-16F7-4668-BE54-9A1E7A4F7556}") = "Department.API", "Services\DepartmentAPI\Department.API\Department.API.csproj", "{D721AA22-E750-44DE-92B6-6BB062545447}"
EndProject
Project("{9A19103F-16F7-4668-BE54-9A1E7A4F7556}") = "Department.API.Infrastructure", "Services\DepartmentAPI\Department.API.Infrastructure\Department.API.Infrastructure.csproj", "{C8534388-25CA-4D87-8AB5-0D1A10AD6999}"
EndProject
Project("{9A19103F-16F7-4668-BE54-9A1E7A4F7556}") = "Department.API.Services", "Services\DepartmentAPI\Department.API.Services\Department.API.Services.csproj", "{504193F1-61BD-456E-BE51-F3BD8BC4CD31}"
EndProject
Project("{9A19103F-16F7-4668-BE54-9A1E7A4F7556}") = "Department.API.Models", "Services\DepartmentAPI\Department.API.Models\Department.API.Models.csproj", "{857075D9-0FA8-4C14-94A6-CC106FEF72DE}"
EndProject
Project("{FAE04EC0-301F-11D3-BF4B-00C04F79EFBC}") = "Microservices.UI", "Microservices.UI\Microservices.UI.csproj", "{F4474EAE-8DDE-462D-9A4C-1228054F43DD}"
EndProject
Global
	GlobalSection(SolutionConfigurationPlatforms) = preSolution
		Debug|Any CPU = Debug|Any CPU
		Release|Any CPU = Release|Any CPU
	EndGlobalSection
	GlobalSection(ProjectConfigurationPlatforms) = postSolution
		{2A0804B5-CCA4-4DE6-9AF5-690F8A204C10}.Debug|Any CPU.ActiveCfg = Debug|Any CPU
		{2A0804B5-CCA4-4DE6-9AF5-690F8A204C10}.Debug|Any CPU.Build.0 = Debug|Any CPU
		{2A0804B5-CCA4-4DE6-9AF5-690F8A204C10}.Release|Any CPU.ActiveCfg = Release|Any CPU
		{2A0804B5-CCA4-4DE6-9AF5-690F8A204C10}.Release|Any CPU.Build.0 = Release|Any CPU
		{2EFA4AA9-99DB-41D0-868A-0C4EB6F4BF3F}.Debug|Any CPU.ActiveCfg = Debug|Any CPU
		{2EFA4AA9-99DB-41D0-868A-0C4EB6F4BF3F}.Debug|Any CPU.Build.0 = Debug|Any CPU
		{2EFA4AA9-99DB-41D0-868A-0C4EB6F4BF3F}.Release|Any CPU.ActiveCfg = Release|Any CPU
		{2EFA4AA9-99DB-41D0-868A-0C4EB6F4BF3F}.Release|Any CPU.Build.0 = Release|Any CPU
		{06E750A0-6871-41A8-8A18-2E399EDCF115}.Debug|Any CPU.ActiveCfg = Debug|Any CPU
		{06E750A0-6871-41A8-8A18-2E399EDCF115}.Debug|Any CPU.Build.0 = Debug|Any CPU
		{06E750A0-6871-41A8-8A18-2E399EDCF115}.Release|Any CPU.ActiveCfg = Release|Any CPU
		{06E750A0-6871-41A8-8A18-2E399EDCF115}.Release|Any CPU.Build.0 = Release|Any CPU
		{E4562A72-1209-448A-9A45-29A95C342ABA}.Debug|Any CPU.ActiveCfg = Debug|Any CPU
		{E4562A72-1209-448A-9A45-29A95C342ABA}.Debug|Any CPU.Build.0 = Debug|Any CPU
		{E4562A72-1209-448A-9A45-29A95C342ABA}.Release|Any CPU.ActiveCfg = Release|Any CPU
		{E4562A72-1209-448A-9A45-29A95C342ABA}.Release|Any CPU.Build.0 = Release|Any CPU
		{0AB64F8B-04DA-46A4-BA0D-8155AD8B9562}.Debug|Any CPU.ActiveCfg = Debug|Any CPU
		{0AB64F8B-04DA-46A4-BA0D-8155AD8B9562}.Debug|Any CPU.Build.0 = Debug|Any CPU
		{0AB64F8B-04DA-46A4-BA0D-8155AD8B9562}.Release|Any CPU.ActiveCfg = Release|Any CPU
		{0AB64F8B-04DA-46A4-BA0D-8155AD8B9562}.Release|Any CPU.Build.0 = Release|Any CPU
		{D721AA22-E750-44DE-92B6-6BB062545447}.Debug|Any CPU.ActiveCfg = Debug|Any CPU
		{D721AA22-E750-44DE-92B6-6BB062545447}.Debug|Any CPU.Build.0 = Debug|Any CPU
		{D721AA22-E750-44DE-92B6-6BB062545447}.Release|Any CPU.ActiveCfg = Release|Any CPU
		{D721AA22-E750-44DE-92B6-6BB062545447}.Release|Any CPU.Build.0 = Release|Any CPU
		{C8534388-25CA-4D87-8AB5-0D1A10AD6999}.Debug|Any CPU.ActiveCfg = Debug|Any CPU
		{C8534388-25CA-4D87-8AB5-0D1A10AD6999}.Debug|Any CPU.Build.0 = Debug|Any CPU
		{C8534388-25CA-4D87-8AB5-0D1A10AD6999}.Release|Any CPU.ActiveCfg = Release|Any CPU
		{C8534388-25CA-4D87-8AB5-0D1A10AD6999}.Release|Any CPU.Build.0 = Release|Any CPU
		{504193F1-61BD-456E-BE51-F3BD8BC4CD31}.Debug|Any CPU.ActiveCfg = Debug|Any CPU
		{504193F1-61BD-456E-BE51-F3BD8BC4CD31}.Debug|Any CPU.Build.0 = Debug|Any CPU
		{504193F1-61BD-456E-BE51-F3BD8BC4CD31}.Release|Any CPU.ActiveCfg = Release|Any CPU
		{504193F1-61BD-456E-BE51-F3BD8BC4CD31}.Release|Any CPU.Build.0 = Release|Any CPU
		{857075D9-0FA8-4C14-94A6-CC106FEF72DE}.Debug|Any CPU.ActiveCfg = Debug|Any CPU
		{857075D9-0FA8-4C14-94A6-CC106FEF72DE}.Debug|Any CPU.Build.0 = Debug|Any CPU
		{857075D9-0FA8-4C14-94A6-CC106FEF72DE}.Release|Any CPU.ActiveCfg = Release|Any CPU
		{857075D9-0FA8-4C14-94A6-CC106FEF72DE}.Release|Any CPU.Build.0 = Release|Any CPU
		{F4474EAE-8DDE-462D-9A4C-1228054F43DD}.Debug|Any CPU.ActiveCfg = Debug|Any CPU
		{F4474EAE-8DDE-462D-9A4C-1228054F43DD}.Debug|Any CPU.Build.0 = Debug|Any CPU
		{F4474EAE-8DDE-462D-9A4C-1228054F43DD}.Release|Any CPU.ActiveCfg = Release|Any CPU
		{F4474EAE-8DDE-462D-9A4C-1228054F43DD}.Release|Any CPU.Build.0 = Release|Any CPU
	EndGlobalSection
	GlobalSection(SolutionProperties) = preSolution
		HideSolutionNode = FALSE
	EndGlobalSection
	GlobalSection(NestedProjects) = preSolution
		{27E93130-8C0B-453C-9C2C-8C5BAC036144} = {1D7FC91B-3EF0-4368-BFFE-3D3BEF9E2D5A}
		{0EC87A9C-E320-417D-A0AF-D65CAAC58D62} = {1D7FC91B-3EF0-4368-BFFE-3D3BEF9E2D5A}
		{2EFA4AA9-99DB-41D0-868A-0C4EB6F4BF3F} = {0EC87A9C-E320-417D-A0AF-D65CAAC58D62}
		{06E750A0-6871-41A8-8A18-2E399EDCF115} = {0EC87A9C-E320-417D-A0AF-D65CAAC58D62}
		{E4562A72-1209-448A-9A45-29A95C342ABA} = {0EC87A9C-E320-417D-A0AF-D65CAAC58D62}
		{0AB64F8B-04DA-46A4-BA0D-8155AD8B9562} = {0EC87A9C-E320-417D-A0AF-D65CAAC58D62}
		{D721AA22-E750-44DE-92B6-6BB062545447} = {27E93130-8C0B-453C-9C2C-8C5BAC036144}
		{C8534388-25CA-4D87-8AB5-0D1A10AD6999} = {27E93130-8C0B-453C-9C2C-8C5BAC036144}
		{504193F1-61BD-456E-BE51-F3BD8BC4CD31} = {27E93130-8C0B-453C-9C2C-8C5BAC036144}
		{857075D9-0FA8-4C14-94A6-CC106FEF72DE} = {27E93130-8C0B-453C-9C2C-8C5BAC036144}
	EndGlobalSection
	GlobalSection(ExtensibilityGlobals) = postSolution
		SolutionGuid = {F44A120F-540F-445A-8322-CF15F0AF0B29}
	EndGlobalSection
EndGlobal
